Microsoft Visual Studio Solution File, Format Version 12.00
# Visual Studio Version 17
VisualStudioVersion = 17.5.2.0
MinimumVisualStudioVersion = 10.0.40219.1
Project("{FAE04EC0-301F-11D3-BF4B-00C04F79EFBC}") = "SakilaAPI", "SakilaAPI.csproj", "{98E9078A-DA0A-D0A0-A5FD-936AD5E389A4}"
EndProject
Global
	GlobalSection(SolutionConfigurationPlatforms) = preSolution
		Debug|Any CPU = Debug|Any CPU
		Release|Any CPU = Release|Any CPU
	EndGlobalSection
	GlobalSection(ProjectConfigurationPlatforms) = postSolution
		{98E9078A-DA0A-D0A0-A5FD-936AD5E389A4}.Debug|Any CPU.ActiveCfg = Debug|Any CPU
		{98E9078A-DA0A-D0A0-A5FD-936AD5E389A4}.Debug|Any CPU.Build.0 = Debug|Any CPU
		{98E9078A-DA0A-D0A0-A5FD-936AD5E389A4}.Release|Any CPU.ActiveCfg = Release|Any CPU
		{98E9078A-DA0A-D0A0-A5FD-936AD5E389A4}.Release|Any CPU.Build.0 = Release|Any CPU
	EndGlobalSection
	GlobalSection(SolutionProperties) = preSolution
		HideSolutionNode = FALSE
	EndGlobalSection
	GlobalSection(ExtensibilityGlobals) = postSolution
		SolutionGuid = {2DFF3323-60E8-4B83-8BCC-2B64C616AD9B}
	EndGlobalSection
EndGlobal
